{
  "name": "pantry_app",
  "version": "1.0.0",
  "lockfileVersion": 3,
  "requires": true,
  "packages": {
    "": {
      "name": "pantry_app",
      "version": "1.0.0",
      "dependencies": {
        "@azure/functions": "^4.0.0"
      },
      "devDependencies": {}
    },
    "node_modules/@azure/functions": {
      "version": "4.7.3",
      "resolved": "https://registry.npmjs.org/@azure/functions/-/functions-4.7.3.tgz",
      "integrity": "sha512-NwizjL8qcujVq+Yl3iL6TvtEC9v4CWZgipd0UPa5PvM2a5Uiqd1Uk8wGCYPhfskGy+1YpBLyQje1SRdlLzB6Jw==",
      "dependencies": {
        "cookie": "^0.7.0",
        "long": "^4.0.0",
        "undici": "^7.10.0"
      },
      "engines": {
        "node": ">=18.0"
      }
    },
    "node_modules/cookie": {
      "version": "0.7.1",
      "license": "MIT",
      "engines": {
        "node": ">= 0.6"
      }
    },
    "node_modules/long": {
      "version": "4.0.0",
      "resolved": "https://registry.npmjs.org/long/-/long-4.0.0.tgz",
      "integrity": "sha512-XsP+KhQif4bjX1kbuSiySJFNAehNxgLb6hPRGJ9QsUr8ajHkuXGdrHmFUTUUXhDwVX2R5bY4JNZEwbUiMhV+MA=="
    },
    "node_modules/undici": {
      "version": "7.10.0",
      "resolved": "https://registry.npmjs.org/undici/-/undici-7.10.0.tgz",
      "integrity": "sha512-u5otvFBOBZvmdjWLVW+5DAc9Nkq8f24g0O9oY7qw2JVIF1VocIFoyz9JFkuVOS2j41AufeO0xnlweJ2RLT8nGw==",
      "engines": {
        "node": ">=20.18.1"
      }
    }
  }
}
